
Microsoft Visual Studio Solution File, Format Version 12.00
# Visual Studio Version 16
VisualStudioVersion = 16.0.30002.166
MinimumVisualStudioVersion = 10.0.40219.1
Project("{FAE04EC0-301F-11D3-BF4B-00C04F79EFBC}") = "EmployeeService", "EmployeeService\EmployeeService.csproj", "{29E933F1-BB51-422B-8C72-DB78A0A3E294}"
EndProject
Project("{FAE04EC0-301F-11D3-BF4B-00C04F79EFBC}") = "DataAccess", "DataAccess\DataAccess.csproj", "{528D7F8E-8344-4D4D-96AE-9D022F30B00A}"
EndProject
Global
	GlobalSection(SolutionConfigurationPlatforms) = preSolution
		Debug|Any CPU = Debug|Any CPU
		Release|Any CPU = Release|Any CPU
	EndGlobalSection
	GlobalSection(ProjectConfigurationPlatforms) = postSolution
		{29E933F1-BB51-422B-8C72-DB78A0A3E294}.Debug|Any CPU.ActiveCfg = Debug|Any CPU
		{29E933F1-BB51-422B-8C72-DB78A0A3E294}.Debug|Any CPU.Build.0 = Debug|Any CPU
		{29E933F1-BB51-422B-8C72-DB78A0A3E294}.Release|Any CPU.ActiveCfg = Release|Any CPU
		{29E933F1-BB51-422B-8C72-DB78A0A3E294}.Release|Any CPU.Build.0 = Release|Any CPU
		{528D7F8E-8344-4D4D-96AE-9D022F30B00A}.Debug|Any CPU.ActiveCfg = Debug|Any CPU
		{528D7F8E-8344-4D4D-96AE-9D022F30B00A}.Debug|Any CPU.Build.0 = Debug|Any CPU
		{528D7F8E-8344-4D4D-96AE-9D022F30B00A}.Release|Any CPU.ActiveCfg = Release|Any CPU
		{528D7F8E-8344-4D4D-96AE-9D022F30B00A}.Release|Any CPU.Build.0 = Release|Any CPU
	EndGlobalSection
	GlobalSection(SolutionProperties) = preSolution
		HideSolutionNode = FALSE
	EndGlobalSection
	GlobalSection(ExtensibilityGlobals) = postSolution
		SolutionGuid = {FA293802-AF59-49CE-A5FD-1E1F2925114A}
	EndGlobalSection
EndGlobal
